
Microsoft Visual Studio Solution File, Format Version 12.00
# Visual Studio 15
VisualStudioVersion = 15.0.27130.2010
MinimumVisualStudioVersion = 10.0.40219.1
Project("{2150E333-8FDC-42A3-9474-1A3956D46DE8}") = "Business", "Business", "{B97D772E-BBCA-46FE-BA10-7401FB15EE94}"
EndProject
Project("{2150E333-8FDC-42A3-9474-1A3956D46DE8}") = "Client", "Client", "{898916EE-DE2D-4605-B6A6-2912408AE0A9}"
EndProject
Project("{2150E333-8FDC-42A3-9474-1A3956D46DE8}") = "Core", "Core", "{7F712A0C-7FA4-4340-B7B8-FE448F9DAC89}"
EndProject
Project("{2150E333-8FDC-42A3-9474-1A3956D46DE8}") = "Tests", "Tests", "{3BD4EDFB-33E2-4E59-93BD-7BC60163B2BE}"
EndProject
Project("{FAE04EC0-301F-11D3-BF4B-00C04F79EFBC}") = "CarRental.Business.Entities", "CarRental.Business\CarRental.Business.Entities\CarRental.Business.Entities.csproj", "{1F03AF73-B62F-4CFC-AD0B-714682197180}"
EndProject
Project("{FAE04EC0-301F-11D3-BF4B-00C04F79EFBC}") = "CarRental.Client.Entities", "CarRental.Client\CarRental.Client.Entities\CarRental.Client.Entities.csproj", "{3768785A-804B-4FA1-822F-BD84BADC2CB6}"
EndProject
Global
	GlobalSection(SolutionConfigurationPlatforms) = preSolution
		Debug|Any CPU = Debug|Any CPU
		Release|Any CPU = Release|Any CPU
	EndGlobalSection
	GlobalSection(ProjectConfigurationPlatforms) = postSolution
		{1F03AF73-B62F-4CFC-AD0B-714682197180}.Debug|Any CPU.ActiveCfg = Debug|Any CPU
		{1F03AF73-B62F-4CFC-AD0B-714682197180}.Debug|Any CPU.Build.0 = Debug|Any CPU
		{1F03AF73-B62F-4CFC-AD0B-714682197180}.Release|Any CPU.ActiveCfg = Release|Any CPU
		{1F03AF73-B62F-4CFC-AD0B-714682197180}.Release|Any CPU.Build.0 = Release|Any CPU
		{3768785A-804B-4FA1-822F-BD84BADC2CB6}.Debug|Any CPU.ActiveCfg = Debug|Any CPU
		{3768785A-804B-4FA1-822F-BD84BADC2CB6}.Debug|Any CPU.Build.0 = Debug|Any CPU
		{3768785A-804B-4FA1-822F-BD84BADC2CB6}.Release|Any CPU.ActiveCfg = Release|Any CPU
		{3768785A-804B-4FA1-822F-BD84BADC2CB6}.Release|Any CPU.Build.0 = Release|Any CPU
	EndGlobalSection
	GlobalSection(SolutionProperties) = preSolution
		HideSolutionNode = FALSE
	EndGlobalSection
	GlobalSection(NestedProjects) = preSolution
		{1F03AF73-B62F-4CFC-AD0B-714682197180} = {B97D772E-BBCA-46FE-BA10-7401FB15EE94}
		{3768785A-804B-4FA1-822F-BD84BADC2CB6} = {898916EE-DE2D-4605-B6A6-2912408AE0A9}
	EndGlobalSection
	GlobalSection(ExtensibilityGlobals) = postSolution
		SolutionGuid = {20BC7A64-4E27-4B12-A7DA-5BD6C4B80DC6}
	EndGlobalSection
EndGlobal
